Microsoft Visual Studio Solution File, Format Version 12.00
# Visual Studio Version 17
VisualStudioVersion = 17.0.31912.275
MinimumVisualStudioVersion = 10.0.40219.1
Project("{2150E333-8FDC-42A3-9474-1A3956D46DE8}") = "src", "src", "{B0C2D94E-3438-4B11-9A7D-6E382A25EF7F}"
EndProject
Project("{FAE04EC0-301F-11D3-BF4B-00C04F79EFBC}") = "TeacherGuide.Api", "src/TeacherGuide.Api/TeacherGuide.Api.csproj", "{D8F81E2C-3F27-4C7E-9F5A-298F8168B9A0}"
EndProject
Project("{FAE04EC0-301F-11D3-BF4B-00C04F79EFBC}") = "TeacherGuide.Application", "src/TeacherGuide.Application/TeacherGuide.Application.csproj", "{37E8F0C9-3F4A-4F5A-97A8-7C98D632FD4A}"
EndProject
Project("{FAE04EC0-301F-11D3-BF4B-00C04F79EFBC}") = "TeacherGuide.Domain", "src/TeacherGuide.Domain/TeacherGuide.Domain.csproj", "{C58EC40F-EC22-477C-97FF-20D1F70B55DB}"
EndProject
Project("{FAE04EC0-301F-11D3-BF4B-00C04F79EFBC}") = "TeacherGuide.Infrastructure", "src/TeacherGuide.Infrastructure/TeacherGuide.Infrastructure.csproj", "{A0C0A54C-A4F7-4D90-AB29-84A767C418E1}"
EndProject
Global
GlobalSection(SolutionConfigurationPlatforms) = preSolution
Debug|Any CPU = Debug|Any CPU
Release|Any CPU = Release|Any CPU
EndGlobalSection
GlobalSection(ProjectConfigurationPlatforms) = postSolution
{D8F81E2C-3F27-4C7E-9F5A-298F8168B9A0}.Debug|Any CPU.ActiveCfg = Debug|Any CPU
{D8F81E2C-3F27-4C7E-9F5A-298F8168B9A0}.Debug|Any CPU.Build.0 = Debug|Any CPU
{D8F81E2C-3F27-4C7E-9F5A-298F8168B9A0}.Release|Any CPU.ActiveCfg = Release|Any CPU
{D8F81E2C-3F27-4C7E-9F5A-298F8168B9A0}.Release|Any CPU.Build.0 = Release|Any CPU
{37E8F0C9-3F4A-4F5A-97A8-7C98D632FD4A}.Debug|Any CPU.ActiveCfg = Debug|Any CPU
{37E8F0C9-3F4A-4F5A-97A8-7C98D632FD4A}.Debug|Any CPU.Build.0 = Debug|Any CPU
{37E8F0C9-3F4A-4F5A-97A8-7C98D632FD4A}.Release|Any CPU.ActiveCfg = Release|Any CPU
{37E8F0C9-3F4A-4F5A-97A8-7C98D632FD4A}.Release|Any CPU.Build.0 = Release|Any CPU
{C58EC40F-EC22-477C-97FF-20D1F70B55DB}.Debug|Any CPU.ActiveCfg = Debug|Any CPU
{C58EC40F-EC22-477C-97FF-20D1F70B55DB}.Debug|Any CPU.Build.0 = Debug|Any CPU
{C58EC40F-EC22-477C-97FF-20D1F70B55DB}.Release|Any CPU.ActiveCfg = Release|Any CPU
{C58EC40F-EC22-477C-97FF-20D1F70B55DB}.Release|Any CPU.Build.0 = Release|Any CPU
{A0C0A54C-A4F7-4D90-AB29-84A767C418E1}.Debug|Any CPU.ActiveCfg = Debug|Any CPU
{A0C0A54C-A4F7-4D90-AB29-84A767C418E1}.Debug|Any CPU.Build.0 = Debug|Any CPU
{A0C0A54C-A4F7-4D90-AB29-84A767C418E1}.Release|Any CPU.ActiveCfg = Release|Any CPU
{A0C0A54C-A4F7-4D90-AB29-84A767C418E1}.Release|Any CPU.Build.0 = Release|Any CPU
EndGlobalSection
GlobalSection(SolutionProperties) = preSolution
HideSolutionNode = FALSE
EndGlobalSection
EndGlobal
